// !$*UTF8*$!
{
	archiveVersion = 1;
	classes = {
	};
	objectVersion = 50;
	objects = {

/* Begin PBXBuildFile section */
		D05B4ECD2415968500E070DA /* AppDelegate.swift in Sources */ = {isa = PBXBuildFile; fileRef = D05B4ECC2415968500E070DA /* AppDelegate.swift */; };
		D05B4ECF2415968500E070DA /* SceneDelegate.swift in Sources */ = {isa = PBXBuildFile; fileRef = D05B4ECE2415968500E070DA /* SceneDelegate.swift */; };
		D05B4ED12415968500E070DA /* MainViewController.swift in Sources */ = {isa = PBXBuildFile; fileRef = D05B4ED02415968500E070DA /* MainViewController.swift */; };
		D05B4ED62415968700E070DA /* Assets.xcassets in Resources */ = {isa = PBXBuildFile; fileRef = D05B4ED52415968700E070DA /* Assets.xcassets */; };
		D05B4ED92415968700E070DA /* LaunchScreen.storyboard in Resources */ = {isa = PBXBuildFile; fileRef = D05B4ED72415968700E070DA /* LaunchScreen.storyboard */; };
		D05B4EE12415A02600E070DA /* CTButton.swift in Sources */ = {isa = PBXBuildFile; fileRef = D05B4EE02415A02600E070DA /* CTButton.swift */; };
		D05B4EE32416CD8B00E070DA /* CityVC.swift in Sources */ = {isa = PBXBuildFile; fileRef = D05B4EE22416CD8B00E070DA /* CityVC.swift */; };
		D05B4EE52419A46900E070DA /* Constants.swift in Sources */ = {isa = PBXBuildFile; fileRef = D05B4EE42419A46900E070DA /* Constants.swift */; };
		D05B4EE7241D4F8700E070DA /* CTTableViewCell.swift in Sources */ = {isa = PBXBuildFile; fileRef = D05B4EE6241D4F8700E070DA /* CTTableViewCell.swift */; };
		D0A1D3782426DB79001C93D4 /* CTModel.swift in Sources */ = {isa = PBXBuildFile; fileRef = D0A1D3772426DB79001C93D4 /* CTModel.swift */; };
		D0A1D37A2426DBBD001C93D4 /* CTNetworkManager.swift in Sources */ = {isa = PBXBuildFile; fileRef = D0A1D3792426DBBD001C93D4 /* CTNetworkManager.swift */; };
/* End PBXBuildFile section */

/* Begin PBXFileReference section */
		D05B4EC92415968500E070DA /* NewCrimeTracker.app */ = {isa = PBXFileReference; explicitFileType = wrapper.application; includeInIndex = 0; path = NewCrimeTracker.app; sourceTree = BUILT_PRODUCTS_DIR; };
		D05B4ECC2415968500E070DA /* AppDelegate.swift */ = {isa = PBXFileReference; lastKnownFileType = sourcecode.swift; path = AppDelegate.swift; sourceTree = "<group>"; };
		D05B4ECE2415968500E070DA /* SceneDelegate.swift */ = {isa = PBXFileReference; lastKnownFileType = sourcecode.swift; path = SceneDelegate.swift; sourceTree = "<group>"; };
		D05B4ED02415968500E070DA /* MainViewController.swift */ = {isa = PBXFileReference; lastKnownFileType = sourcecode.swift; path = MainViewController.swift; sourceTree = "<group>"; };
		D05B4ED52415968700E070DA /* Assets.xcassets */ = {isa = PBXFileReference; lastKnownFileType = folder.assetcatalog; path = Assets.xcassets; sourceTree = "<group>"; };
		D05B4ED82415968700E070DA /* Base */ = {isa = PBXFileReference; lastKnownFileType = file.storyboard; name = Base; path = Base.lproj/LaunchScreen.storyboard; sourceTree = "<group>"; };
		D05B4EDA2415968700E070DA /* Info.plist */ = {isa = PBXFileReference; lastKnownFileType = text.plist.xml; path = Info.plist; sourceTree = "<group>"; };
		D05B4EE02415A02600E070DA /* CTButton.swift */ = {isa = PBXFileReference; lastKnownFileType = sourcecode.swift; path = CTButton.swift; sourceTree = "<group>"; };
		D05B4EE22416CD8B00E070DA /* CityVC.swift */ = {isa = PBXFileReference; lastKnownFileType = sourcecode.swift; path = CityVC.swift; sourceTree = "<group>"; };
		D05B4EE42419A46900E070DA /* Constants.swift */ = {isa = PBXFileReference; lastKnownFileType = sourcecode.swift; path = Constants.swift; sourceTree = "<group>"; };
		D05B4EE6241D4F8700E070DA /* CTTableViewCell.swift */ = {isa = PBXFileReference; lastKnownFileType = sourcecode.swift; path = CTTableViewCell.swift; sourceTree = "<group>"; };
		D0A1D3772426DB79001C93D4 /* CTModel.swift */ = {isa = PBXFileReference; lastKnownFileType = sourcecode.swift; path = CTModel.swift; sourceTree = "<group>"; };
		D0A1D3792426DBBD001C93D4 /* CTNetworkManager.swift */ = {isa = PBXFileReference; lastKnownFileType = sourcecode.swift; path = CTNetworkManager.swift; sourceTree = "<group>"; };
/* End PBXFileReference section */

/* Begin PBXFrameworksBuildPhase section */
		D05B4EC62415968500E070DA /* Frameworks */ = {
			isa = PBXFrameworksBuildPhase;
			buildActionMask = 2147483647;
			files = (
			);
			runOnlyForDeploymentPostprocessing = 0;
		};
/* End PBXFrameworksBuildPhase section */

/* Begin PBXGroup section */
		D05B4EC02415968500E070DA = {
			isa = PBXGroup;
			children = (
				D05B4ECB2415968500E070DA /* NewCrimeTracker */,
				D05B4ECA2415968500E070DA /* Products */,
			);
			sourceTree = "<group>";
		};
		D05B4ECA2415968500E070DA /* Products */ = {
			isa = PBXGroup;
			children = (
				D05B4EC92415968500E070DA /* NewCrimeTracker.app */,
			);
			name = Products;
			sourceTree = "<group>";
		};
		D05B4ECB2415968500E070DA /* NewCrimeTracker */ = {
			isa = PBXGroup;
			children = (
				D05B4ECC2415968500E070DA /* AppDelegate.swift */,
				D05B4ECE2415968500E070DA /* SceneDelegate.swift */,
				D05B4ED02415968500E070DA /* MainViewController.swift */,
				D05B4EE22416CD8B00E070DA /* CityVC.swift */,
				D05B4ED52415968700E070DA /* Assets.xcassets */,
				D05B4ED72415968700E070DA /* LaunchScreen.storyboard */,
				D05B4EDA2415968700E070DA /* Info.plist */,
				D05B4EE02415A02600E070DA /* CTButton.swift */,
				D05B4EE6241D4F8700E070DA /* CTTableViewCell.swift */,
				D05B4EE42419A46900E070DA /* Constants.swift */,
				D0A1D3772426DB79001C93D4 /* CTModel.swift */,
				D0A1D3792426DBBD001C93D4 /* CTNetworkManager.swift */,
			);
			path = NewCrimeTracker;
			sourceTree = "<group>";
		};
/* End PBXGroup section */

/* Begin PBXNativeTarget section */
		D05B4EC82415968500E070DA /* NewCrimeTracker */ = {
			isa = PBXNativeTarget;
			buildConfigurationList = D05B4EDD2415968700E070DA /* Build configuration list for PBXNativeTarget "NewCrimeTracker" */;
			buildPhases = (
				D05B4EC52415968500E070DA /* Sources */,
				D05B4EC62415968500E070DA /* Frameworks */,
				D05B4EC72415968500E070DA /* Resources */,
			);
			buildRules = (
			);
			dependencies = (
			);
			name = NewCrimeTracker;
			productName = NewCrimeTracker;
			productReference = D05B4EC92415968500E070DA /* NewCrimeTracker.app */;
			productType = "com.apple.product-type.application";
		};
/* End PBXNativeTarget section */

/* Begin PBXProject section */
		D05B4EC12415968500E070DA /* Project object */ = {
			isa = PBXProject;
			attributes = {
				LastSwiftUpdateCheck = 1130;
				LastUpgradeCheck = 1130;
				ORGANIZATIONNAME = "Alphonso Sensley II";
				TargetAttributes = {
					D05B4EC82415968500E070DA = {
						CreatedOnToolsVersion = 11.3.1;
					};
				};
			};
			buildConfigurationList = D05B4EC42415968500E070DA /* Build configuration list for PBXProject "NewCrimeTracker" */;
			compatibilityVersion = "Xcode 9.3";
			developmentRegion = en;
			hasScannedForEncodings = 0;
			knownRegions = (
				en,
				Base,
			);
			mainGroup = D05B4EC02415968500E070DA;
			productRefGroup = D05B4ECA2415968500E070DA /* Products */;
			projectDirPath = "";
			projectRoot = "";
			targets = (
				D05B4EC82415968500E070DA /* NewCrimeTracker */,
			);
		};
/* End PBXProject section */

/* Begin PBXResourcesBuildPhase section */
		D05B4EC72415968500E070DA /* Resources */ = {
			isa = PBXResourcesBuildPhase;
			buildActionMask = 2147483647;
			files = (
				D05B4ED92415968700E070DA /* LaunchScreen.storyboard in Resources */,
				D05B4ED62415968700E070DA /* Assets.xcassets in Resources */,
			);
			runOnlyForDeploymentPostprocessing = 0;
		};
/* End PBXResourcesBuildPhase section */

/* Begin PBXSourcesBuildPhase section */
		D05B4EC52415968500E070DA /* Sources */ = {
			isa = PBXSourcesBuildPhase;
			buildActionMask = 2147483647;
			files = (
				D0A1D37A2426DBBD001C93D4 /* CTNetworkManager.swift in Sources */,
				D0A1D3782426DB79001C93D4 /* CTModel.swift in Sources */,
				D05B4EE12415A02600E070DA /* CTButton.swift in Sources */,
				D05B4EE7241D4F8700E070DA /* CTTableViewCell.swift in Sources */,
				D05B4ED12415968500E070DA /* MainViewController.swift in Sources */,
				D05B4ECD2415968500E070DA /* AppDelegate.swift in Sources */,
				D05B4ECF2415968500E070DA /* SceneDelegate.swift in Sources */,
				D05B4EE32416CD8B00E070DA /* CityVC.swift in Sources */,
				D05B4EE52419A46900E070DA /* Constants.swift in Sources */,
			);
			runOnlyForDeploymentPostprocessing = 0;
		};
/* End PBXSourcesBuildPhase section */

/* Begin PBXVariantGroup section */
		D05B4ED72415968700E070DA /* LaunchScreen.storyboard */ = {
			isa = PBXVariantGroup;
			children = (
				D05B4ED82415968700E070DA /* Base */,
			);
			name = LaunchScreen.storyboard;
			sourceTree = "<group>";
		};
/* End PBXVariantGroup section */

/* Begin XCBuildConfiguration section */
		D05B4EDB2415968700E070DA /* Debug */ = {
			isa = XCBuildConfiguration;
			buildSettings = {
				ALWAYS_SEARCH_USER_PATHS = NO;
				CLANG_ANALYZER_NONNULL = YES;
				CLANG_ANALYZER_NUMBER_OBJECT_CONVERSION = YES_AGGRESSIVE;
				CLANG_CXX_LANGUAGE_STANDARD = "gnu++14";
				CLANG_CXX_LIBRARY = "libc++";
				CLANG_ENABLE_MODULES = YES;
				CLANG_ENABLE_OBJC_ARC = YES;
				CLANG_ENABLE_OBJC_WEAK = YES;
				CLANG_WARN_BLOCK_CAPTURE_AUTORELEASING = YES;
				CLANG_WARN_BOOL_CONVERSION = YES;
				CLANG_WARN_COMMA = YES;
				CLANG_WARN_CONSTANT_CONVERSION = YES;
				CLANG_WARN_DEPRECATED_OBJC_IMPLEMENTATIONS = YES;
				CLANG_WARN_DIRECT_OBJC_ISA_USAGE = YES_ERROR;
				CLANG_WARN_DOCUMENTATION_COMMENTS = YES;
				CLANG_WARN_EMPTY_BODY = YES;
				CLANG_WARN_ENUM_CONVERSION = YES;
				CLANG_WARN_INFINITE_RECURSION = YES;
				CLANG_WARN_INT_CONVERSION = YES;
				CLANG_WARN_NON_LITERAL_NULL_CONVERSION = YES;
				CLANG_WARN_OBJC_IMPLICIT_RETAIN_SELF = YES;
				CLANG_WARN_OBJC_LITERAL_CONVERSION = YES;
				CLANG_WARN_OBJC_ROOT_CLASS = YES_ERROR;
				CLANG_WARN_RANGE_LOOP_ANALYSIS = YES;
				CLANG_WARN_STRICT_PROTOTYPES = YES;
				CLANG_WARN_SUSPICIOUS_MOVE = YES;
				CLANG_WARN_UNGUARDED_AVAILABILITY = YES_AGGRESSIVE;
				CLANG_WARN_UNREACHABLE_CODE = YES;
				CLANG_WARN__DUPLICATE_METHOD_MATCH = YES;
				COPY_PHASE_STRIP = NO;
				DEBUG_INFORMATION_FORMAT = dwarf;
				ENABLE_STRICT_OBJC_MSGSEND = YES;
				ENABLE_TESTABILITY = YES;
				GCC_C_LANGUAGE_STANDARD = gnu11;
				GCC_DYNAMIC_NO_PIC = NO;
				GCC_NO_COMMON_BLOCKS = YES;
				GCC_OPTIMIZATION_LEVEL = 0;
				GCC_PREPROCESSOR_DEFINITIONS = (
					"DEBUG=1",
					"$(inherited)",
				);
				GCC_WARN_64_TO_32_BIT_CONVERSION = YES;
				GCC_WARN_ABOUT_RETURN_TYPE = YES_ERROR;
				GCC_WARN_UNDECLARED_SELECTOR = YES;
				GCC_WARN_UNINITIALIZED_AUTOS = YES_AGGRESSIVE;
				GCC_WARN_UNUSED_FUNCTION = YES;
				GCC_WARN_UNUSED_VARIABLE = YES;
				IPHONEOS_DEPLOYMENT_TARGET = 13.2;
				MTL_ENABLE_DEBUG_INFO = INCLUDE_SOURCE;
				MTL_FAST_MATH = YES;
				ONLY_ACTIVE_ARCH = YES;
				SDKROOT = iphoneos;
				SWIFT_ACTIVE_COMPILATION_CONDITIONS = DEBUG;
				SWIFT_OPTIMIZATION_LEVEL = "-Onone";
			};
			name = Debug;
		};
		D05B4EDC2415968700E070DA /* Release */ = {
			isa = XCBuildConfiguration;
			buildSettings = {
				ALWAYS_SEARCH_USER_PATHS = NO;
				CLANG_ANALYZER_NONNULL = YES;
				CLANG_ANALYZER_NUMBER_OBJECT_CONVERSION = YES_AGGRESSIVE;
				CLANG_CXX_LANGUAGE_STANDARD = "gnu++14";
				CLANG_CXX_LIBRARY = "libc++";
				CLANG_ENABLE_MODULES = YES;
				CLANG_ENABLE_OBJC_ARC = YES;
				CLANG_ENABLE_OBJC_WEAK = YES;
				CLANG_WARN_BLOCK_CAPTURE_AUTORELEASING = YES;
				CLANG_WARN_BOOL_CONVERSION = YES;
				CLANG_WARN_COMMA = YES;
				CLANG_WARN_CONSTANT_CONVERSION = YES;
				CLANG_WARN_DEPRECATED_OBJC_IMPLEMENTATIONS = YES;
				CLANG_WARN_DIRECT_OBJC_ISA_USAGE = YES_ERROR;
				CLANG_WARN_DOCUMENTATION_COMMENTS = YES;
				CLANG_WARN_EMPTY_BODY = YES;
				CLANG_WARN_ENUM_CONVERSION = YES;
				CLANG_WARN_INFINITE_RECURSION = YES;
				CLANG_WARN_INT_CONVERSION = YES;
				CLANG_WARN_NON_LITERAL_NULL_CONVERSION = YES;
				CLANG_WARN_OBJC_IMPLICIT_RETAIN_SELF = YES;
				CLANG_WARN_OBJC_LITERAL_CONVERSION = YES;
				CLANG_WARN_OBJC_ROOT_CLASS = YES_ERROR;
				CLANG_WARN_RANGE_LOOP_ANALYSIS = YES;
				CLANG_WARN_STRICT_PROTOTYPES = YES;
				CLANG_WARN_SUSPICIOUS_MOVE = YES;
				CLANG_WARN_UNGUARDED_AVAILABILITY = YES_AGGRESSIVE;
				CLANG_WARN_UNREACHABLE_CODE = YES;
				CLANG_WARN__DUPLICATE_METHOD_MATCH = YES;
				COPY_PHASE_STRIP = NO;
				DEBUG_INFORMATION_FORMAT = "dwarf-with-dsym";
				ENABLE_NS_ASSERTIONS = NO;
				ENABLE_STRICT_OBJC_MSGSEND = YES;
				GCC_C_LANGUAGE_STANDARD = gnu11;
				GCC_NO_COMMON_BLOCKS = YES;
				GCC_WARN_64_TO_32_BIT_CONVERSION = YES;
				GCC_WARN_ABOUT_RETURN_TYPE = YES_ERROR;
				GCC_WARN_UNDECLARED_SELECTOR = YES;
				GCC_WARN_UNINITIALIZED_AUTOS = YES_AGGRESSIVE;
				GCC_WARN_UNUSED_FUNCTION = YES;
				GCC_WARN_UNUSED_VARIABLE = YES;
				IPHONEOS_DEPLOYMENT_TARGET = 13.2;
				MTL_ENABLE_DEBUG_INFO = NO;
				MTL_FAST_MATH = YES;
				SDKROOT = iphoneos;
				SWIFT_COMPILATION_MODE = wholemodule;
				SWIFT_OPTIMIZATION_LEVEL = "-O";
				VALIDATE_PRODUCT = YES;
			};
			name = Release;
		};
		D05B4EDE2415968700E070DA /* Debug */ = {
			isa = XCBuildConfiguration;
			buildSettings = {
				ASSETCATALOG_COMPILER_APPICON_NAME = AppIcon;
				CODE_SIGN_STYLE = Automatic;
				DEVELOPMENT_TEAM = 6257XTCRBF;
				INFOPLIST_FILE = NewCrimeTracker/Info.plist;
				LD_RUNPATH_SEARCH_PATHS = (
					"$(inherited)",
					"@executable_path/Frameworks",
				);
				PRODUCT_BUNDLE_IDENTIFIER = com.Alphonso.Sensley.NewCrimeTracker;
				PRODUCT_NAME = "$(TARGET_NAME)";
				SWIFT_VERSION = 5.0;
				TARGETED_DEVICE_FAMILY = "1,2";
			};
			name = Debug;
		};
		D05B4EDF2415968700E070DA /* Release */ = {
			isa = XCBuildConfiguration;
			buildSettings = {
				ASSETCATALOG_COMPILER_APPICON_NAME = AppIcon;
				CODE_SIGN_STYLE = Automatic;
				DEVELOPMENT_TEAM = 6257XTCRBF;
				INFOPLIST_FILE = NewCrimeTracker/Info.plist;
				LD_RUNPATH_SEARCH_PATHS = (
					"$(inherited)",
					"@executable_path/Frameworks",
				);
				PRODUCT_BUNDLE_IDENTIFIER = com.Alphonso.Sensley.NewCrimeTracker;
				PRODUCT_NAME = "$(TARGET_NAME)";
				SWIFT_VERSION = 5.0;
				TARGETED_DEVICE_FAMILY = "1,2";
			};
			name = Release;
		};
/* End XCBuildConfiguration section */

/* Begin XCConfigurationList section */
		D05B4EC42415968500E070DA /* Build configuration list for PBXProject "NewCrimeTracker" */ = {
			isa = XCConfigurationList;
			buildConfigurations = (
				D05B4EDB2415968700E070DA /* Debug */,
				D05B4EDC2415968700E070DA /* Release */,
			);
			defaultConfigurationIsVisible = 0;
			defaultConfigurationName = Release;
		};
		D05B4EDD2415968700E070DA /* Build configuration list for PBXNativeTarget "NewCrimeTracker" */ = {
			isa = XCConfigurationList;
			buildConfigurations = (
				D05B4EDE2415968700E070DA /* Debug */,
				D05B4EDF2415968700E070DA /* Release */,
			);
			defaultConfigurationIsVisible = 0;
			defaultConfigurationName = Release;
		};
/* End XCConfigurationList section */
	};
	rootObject = D05B4EC12415968500E070DA /* Project object */;
}
